
Microsoft Visual Studio Solution File, Format Version 12.00
# Visual Studio Version 17
VisualStudioVersion = 17.12.35527.113
MinimumVisualStudioVersion = 10.0.40219.1
Project("{FAE04EC0-301F-11D3-BF4B-00C04F79EFBC}") = "Abstraction", "Abstraction\Abstraction.csproj", "{09C2D2C1-8F14-485E-B3EE-E40BE8F6D32E}"
EndProject
Project("{FAE04EC0-301F-11D3-BF4B-00C04F79EFBC}") = "polimo", "polimo\polimo.csproj", "{2370851E-018F-43B2-BD4E-15A2452041B2}"
EndProject
Project("{FAE04EC0-301F-11D3-BF4B-00C04F79EFBC}") = "interface", "interface\interface.csproj", "{D49B0E0B-294B-4D25-A7F3-97DF6FC1AAE9}"
EndProject
Global
	GlobalSection(SolutionConfigurationPlatforms) = preSolution
		Debug|Any CPU = Debug|Any CPU
		Release|Any CPU = Release|Any CPU
	EndGlobalSection
	GlobalSection(ProjectConfigurationPlatforms) = postSolution
		{09C2D2C1-8F14-485E-B3EE-E40BE8F6D32E}.Debug|Any CPU.ActiveCfg = Debug|Any CPU
		{09C2D2C1-8F14-485E-B3EE-E40BE8F6D32E}.Debug|Any CPU.Build.0 = Debug|Any CPU
		{09C2D2C1-8F14-485E-B3EE-E40BE8F6D32E}.Release|Any CPU.ActiveCfg = Release|Any CPU
		{09C2D2C1-8F14-485E-B3EE-E40BE8F6D32E}.Release|Any CPU.Build.0 = Release|Any CPU
		{2370851E-018F-43B2-BD4E-15A2452041B2}.Debug|Any CPU.ActiveCfg = Debug|Any CPU
		{2370851E-018F-43B2-BD4E-15A2452041B2}.Debug|Any CPU.Build.0 = Debug|Any CPU
		{2370851E-018F-43B2-BD4E-15A2452041B2}.Release|Any CPU.ActiveCfg = Release|Any CPU
		{2370851E-018F-43B2-BD4E-15A2452041B2}.Release|Any CPU.Build.0 = Release|Any CPU
		{D49B0E0B-294B-4D25-A7F3-97DF6FC1AAE9}.Debug|Any CPU.ActiveCfg = Debug|Any CPU
		{D49B0E0B-294B-4D25-A7F3-97DF6FC1AAE9}.Debug|Any CPU.Build.0 = Debug|Any CPU
		{D49B0E0B-294B-4D25-A7F3-97DF6FC1AAE9}.Release|Any CPU.ActiveCfg = Release|Any CPU
		{D49B0E0B-294B-4D25-A7F3-97DF6FC1AAE9}.Release|Any CPU.Build.0 = Release|Any CPU
	EndGlobalSection
	GlobalSection(SolutionProperties) = preSolution
		HideSolutionNode = FALSE
	EndGlobalSection
EndGlobal
